
Microsoft Visual Studio Solution File, Format Version 12.00
# Visual Studio Version 16
VisualStudioVersion = 16.0.31321.278
MinimumVisualStudioVersion = 10.0.40219.1
Project("{FAE04EC0-301F-11D3-BF4B-00C04F79EFBC}") = "Bliss", "Bliss\Bliss.csproj", "{0359206B-C60D-4A01-90D1-569506C74F86}"
EndProject
Global
	GlobalSection(SolutionConfigurationPlatforms) = preSolution
		Debug|Any CPU = Debug|Any CPU
		Release|Any CPU = Release|Any CPU
	EndGlobalSection
	GlobalSection(ProjectConfigurationPlatforms) = postSolution
		{0359206B-C60D-4A01-90D1-569506C74F86}.Debug|Any CPU.ActiveCfg = Debug|Any CPU
		{0359206B-C60D-4A01-90D1-569506C74F86}.Debug|Any CPU.Build.0 = Debug|Any CPU
		{0359206B-C60D-4A01-90D1-569506C74F86}.Release|Any CPU.ActiveCfg = Release|Any CPU
		{0359206B-C60D-4A01-90D1-569506C74F86}.Release|Any CPU.Build.0 = Release|Any CPU
	EndGlobalSection
	GlobalSection(SolutionProperties) = preSolution
		HideSolutionNode = FALSE
	EndGlobalSection
	GlobalSection(ExtensibilityGlobals) = postSolution
		SolutionGuid = {A68135B4-32D5-4648-8282-EAD04A56A75C}
	EndGlobalSection
EndGlobal
